
Microsoft Visual Studio Solution File, Format Version 12.00
# Visual Studio Version 17
VisualStudioVersion = 17.5.33516.290
MinimumVisualStudioVersion = 10.0.40219.1
Project("{FAE04EC0-301F-11D3-BF4B-00C04F79EFBC}") = "AIMedical.Api", "src\AIMedical.Api\AIMedical.Api.csproj", "{F040D72A-CCFD-47D2-B490-665E7FD35D2C}"
EndProject
Project("{FAE04EC0-301F-11D3-BF4B-00C04F79EFBC}") = "AIMedical.Tests", "tests\AIMedical.Tests\AIMedical.Tests.csproj", "{28B69BE9-046C-41D3-B30F-68C30180C9B0}"
EndProject
Global
	GlobalSection(SolutionConfigurationPlatforms) = preSolution
		Debug|Any CPU = Debug|Any CPU
		Release|Any CPU = Release|Any CPU
	EndGlobalSection
	GlobalSection(ProjectConfigurationPlatforms) = postSolution
		{F040D72A-CCFD-47D2-B490-665E7FD35D2C}.Debug|Any CPU.ActiveCfg = Debug|Any CPU
		{F040D72A-CCFD-47D2-B490-665E7FD35D2C}.Debug|Any CPU.Build.0 = Debug|Any CPU
		{F040D72A-CCFD-47D2-B490-665E7FD35D2C}.Release|Any CPU.ActiveCfg = Release|Any CPU
		{F040D72A-CCFD-47D2-B490-665E7FD35D2C}.Release|Any CPU.Build.0 = Release|Any CPU
		{28B69BE9-046C-41D3-B30F-68C30180C9B0}.Debug|Any CPU.ActiveCfg = Debug|Any CPU
		{28B69BE9-046C-41D3-B30F-68C30180C9B0}.Debug|Any CPU.Build.0 = Debug|Any CPU
		{28B69BE9-046C-41D3-B30F-68C30180C9B0}.Release|Any CPU.ActiveCfg = Release|Any CPU
		{28B69BE9-046C-41D3-B30F-68C30180C9B0}.Release|Any CPU.Build.0 = Release|Any CPU
	EndGlobalSection
	GlobalSection(SolutionProperties) = preSolution
		HideSolutionNode = FALSE
	EndGlobalSection
	GlobalSection(ExtensibilityGlobals) = postSolution
		SolutionGuid = {8585763F-27DC-4932-8E02-864C9F9DA70A}
	EndGlobalSection
EndGlobal
